
Microsoft Visual Studio Solution File, Format Version 12.00
# Visual Studio Version 16
VisualStudioVersion = 16.0.32802.440
MinimumVisualStudioVersion = 10.0.40219.1
Project("{F184B08F-C81C-45F6-A57F-5ABD9991F28F}") = "DATN_NTH", "DATN_NTH\DATN_NTH.vbproj", "{D97938D8-FD83-4996-A0F7-D3A001CAB186}"
EndProject
Global
	GlobalSection(SolutionConfigurationPlatforms) = preSolution
		Debug|Any CPU = Debug|Any CPU
		Release|Any CPU = Release|Any CPU
	EndGlobalSection
	GlobalSection(ProjectConfigurationPlatforms) = postSolution
		{D97938D8-FD83-4996-A0F7-D3A001CAB186}.Debug|Any CPU.ActiveCfg = Debug|Any CPU
		{D97938D8-FD83-4996-A0F7-D3A001CAB186}.Debug|Any CPU.Build.0 = Debug|Any CPU
		{D97938D8-FD83-4996-A0F7-D3A001CAB186}.Release|Any CPU.ActiveCfg = Release|Any CPU
		{D97938D8-FD83-4996-A0F7-D3A001CAB186}.Release|Any CPU.Build.0 = Release|Any CPU
	EndGlobalSection
	GlobalSection(SolutionProperties) = preSolution
		HideSolutionNode = FALSE
	EndGlobalSection
	GlobalSection(ExtensibilityGlobals) = postSolution
		SolutionGuid = {57B6ADD5-59EA-4F52-98C7-34828980326C}
	EndGlobalSection
EndGlobal
